
Microsoft Visual Studio Solution File, Format Version 12.00
# Visual Studio 15
VisualStudioVersion = 15.0.27004.2005
MinimumVisualStudioVersion = 10.0.40219.1
Project("{FAE04EC0-301F-11D3-BF4B-00C04F79EFBC}") = "RandomizeWords", "RandomizeWords\RandomizeWords.csproj", "{FB5A0AF7-824C-4BDB-913D-EB9429A11862}"
EndProject
Project("{FAE04EC0-301F-11D3-BF4B-00C04F79EFBC}") = "DistanceBetweenPoints", "DistanceBetweenPoints\DistanceBetweenPoints.csproj", "{843F2BCA-CAC9-48A8-8856-371AD0C985A3}"
EndProject
Project("{2150E333-8FDC-42A3-9474-1A3956D46DE8}") = "Solution Items", "Solution Items", "{76C88EB1-5FEE-4B2D-AAF3-7AAA1D94E475}"
	ProjectSection(SolutionItems) = preProject
		Class1.cs = Class1.cs
	EndProjectSection
EndProject
Project("{FAE04EC0-301F-11D3-BF4B-00C04F79EFBC}") = "AverageGrades", "AverageGrades\AverageGrades.csproj", "{586B0FE8-B094-4584-A33D-CB14665E0E38}"
EndProject
Project("{FAE04EC0-301F-11D3-BF4B-00C04F79EFBC}") = "BookLibrary", "BookLibrary\BookLibrary.csproj", "{AC94BC4E-A83C-419F-BEBD-501238972832}"
EndProject
Project("{FAE04EC0-301F-11D3-BF4B-00C04F79EFBC}") = "CountWorkingDays", "CountWorkingDays\CountWorkingDays.csproj", "{D85679F3-915A-4FC1-987D-64693845D35E}"
EndProject
Project("{FAE04EC0-301F-11D3-BF4B-00C04F79EFBC}") = "IntersectionOfCircles", "IntersectionOfCircles\IntersectionOfCircles.csproj", "{ED275D68-13FB-4B47-9E51-02325F25C987}"
EndProject
Global
	GlobalSection(SolutionConfigurationPlatforms) = preSolution
		Debug|Any CPU = Debug|Any CPU
		Release|Any CPU = Release|Any CPU
	EndGlobalSection
	GlobalSection(ProjectConfigurationPlatforms) = postSolution
		{FB5A0AF7-824C-4BDB-913D-EB9429A11862}.Debug|Any CPU.ActiveCfg = Debug|Any CPU
		{FB5A0AF7-824C-4BDB-913D-EB9429A11862}.Debug|Any CPU.Build.0 = Debug|Any CPU
		{FB5A0AF7-824C-4BDB-913D-EB9429A11862}.Release|Any CPU.ActiveCfg = Release|Any CPU
		{FB5A0AF7-824C-4BDB-913D-EB9429A11862}.Release|Any CPU.Build.0 = Release|Any CPU
		{843F2BCA-CAC9-48A8-8856-371AD0C985A3}.Debug|Any CPU.ActiveCfg = Debug|Any CPU
		{843F2BCA-CAC9-48A8-8856-371AD0C985A3}.Debug|Any CPU.Build.0 = Debug|Any CPU
		{843F2BCA-CAC9-48A8-8856-371AD0C985A3}.Release|Any CPU.ActiveCfg = Release|Any CPU
		{843F2BCA-CAC9-48A8-8856-371AD0C985A3}.Release|Any CPU.Build.0 = Release|Any CPU
		{586B0FE8-B094-4584-A33D-CB14665E0E38}.Debug|Any CPU.ActiveCfg = Debug|Any CPU
		{586B0FE8-B094-4584-A33D-CB14665E0E38}.Debug|Any CPU.Build.0 = Debug|Any CPU
		{586B0FE8-B094-4584-A33D-CB14665E0E38}.Release|Any CPU.ActiveCfg = Release|Any CPU
		{586B0FE8-B094-4584-A33D-CB14665E0E38}.Release|Any CPU.Build.0 = Release|Any CPU
		{AC94BC4E-A83C-419F-BEBD-501238972832}.Debug|Any CPU.ActiveCfg = Debug|Any CPU
		{AC94BC4E-A83C-419F-BEBD-501238972832}.Debug|Any CPU.Build.0 = Debug|Any CPU
		{AC94BC4E-A83C-419F-BEBD-501238972832}.Release|Any CPU.ActiveCfg = Release|Any CPU
		{AC94BC4E-A83C-419F-BEBD-501238972832}.Release|Any CPU.Build.0 = Release|Any CPU
		{D85679F3-915A-4FC1-987D-64693845D35E}.Debug|Any CPU.ActiveCfg = Debug|Any CPU
		{D85679F3-915A-4FC1-987D-64693845D35E}.Debug|Any CPU.Build.0 = Debug|Any CPU
		{D85679F3-915A-4FC1-987D-64693845D35E}.Release|Any CPU.ActiveCfg = Release|Any CPU
		{D85679F3-915A-4FC1-987D-64693845D35E}.Release|Any CPU.Build.0 = Release|Any CPU
		{ED275D68-13FB-4B47-9E51-02325F25C987}.Debug|Any CPU.ActiveCfg = Debug|Any CPU
		{ED275D68-13FB-4B47-9E51-02325F25C987}.Debug|Any CPU.Build.0 = Debug|Any CPU
		{ED275D68-13FB-4B47-9E51-02325F25C987}.Release|Any CPU.ActiveCfg = Release|Any CPU
		{ED275D68-13FB-4B47-9E51-02325F25C987}.Release|Any CPU.Build.0 = Release|Any CPU
	EndGlobalSection
	GlobalSection(SolutionProperties) = preSolution
		HideSolutionNode = FALSE
	EndGlobalSection
	GlobalSection(ExtensibilityGlobals) = postSolution
		SolutionGuid = {71206A38-2687-4A6C-8B2D-A7B4CF8AFFEF}
	EndGlobalSection
EndGlobal
