
Microsoft Visual Studio Solution File, Format Version 12.00
# Visual Studio 15
VisualStudioVersion = 15.0.27004.2005
MinimumVisualStudioVersion = 10.0.40219.1
Project("{FAE04EC0-301F-11D3-BF4B-00C04F79EFBC}") = "CountRealNumbers", "CountRealNumbers\CountRealNumbers.csproj", "{3AA9B560-ABEA-4A3B-9A9D-B99C6C0E13C7}"
EndProject
Project("{FAE04EC0-301F-11D3-BF4B-00C04F79EFBC}") = "OddOccurrences", "OddOccurrences\OddOccurrences.csproj", "{72F19C6F-9502-4AC8-99A1-8E962A2EAC71}"
EndProject
Project("{FAE04EC0-301F-11D3-BF4B-00C04F79EFBC}") = "PhonebookUpgrade", "PhonebookUpgrade\PhonebookUpgrade.csproj", "{9A613A72-C146-44F9-84DC-DBCEC3B3C485}"
EndProject
Project("{FAE04EC0-301F-11D3-BF4B-00C04F79EFBC}") = "FixEmails", "FixEmails\FixEmails.csproj", "{80E49AAD-1771-4AE5-95D5-787C8565C6CA}"
EndProject
Project("{FAE04EC0-301F-11D3-BF4B-00C04F79EFBC}") = "Phonebook", "Phonebook\Phonebook.csproj", "{5D5BA3C4-4015-48C0-9F8A-1402AA9EC9EF}"
EndProject
Project("{FAE04EC0-301F-11D3-BF4B-00C04F79EFBC}") = "AMinerTask", "AMinerTask\AMinerTask.csproj", "{0A546DD9-EAB3-4616-8C86-4FE10BA0FD62}"
EndProject
Project("{FAE04EC0-301F-11D3-BF4B-00C04F79EFBC}") = "UserLogs", "UserLogs\UserLogs.csproj", "{55B9C6A0-3CC7-4D2A-BD35-EAB7C4E08503}"
EndProject
Global
	GlobalSection(SolutionConfigurationPlatforms) = preSolution
		Debug|Any CPU = Debug|Any CPU
		Release|Any CPU = Release|Any CPU
	EndGlobalSection
	GlobalSection(ProjectConfigurationPlatforms) = postSolution
		{3AA9B560-ABEA-4A3B-9A9D-B99C6C0E13C7}.Debug|Any CPU.ActiveCfg = Debug|Any CPU
		{3AA9B560-ABEA-4A3B-9A9D-B99C6C0E13C7}.Debug|Any CPU.Build.0 = Debug|Any CPU
		{3AA9B560-ABEA-4A3B-9A9D-B99C6C0E13C7}.Release|Any CPU.ActiveCfg = Release|Any CPU
		{3AA9B560-ABEA-4A3B-9A9D-B99C6C0E13C7}.Release|Any CPU.Build.0 = Release|Any CPU
		{72F19C6F-9502-4AC8-99A1-8E962A2EAC71}.Debug|Any CPU.ActiveCfg = Debug|Any CPU
		{72F19C6F-9502-4AC8-99A1-8E962A2EAC71}.Debug|Any CPU.Build.0 = Debug|Any CPU
		{72F19C6F-9502-4AC8-99A1-8E962A2EAC71}.Release|Any CPU.ActiveCfg = Release|Any CPU
		{72F19C6F-9502-4AC8-99A1-8E962A2EAC71}.Release|Any CPU.Build.0 = Release|Any CPU
		{9A613A72-C146-44F9-84DC-DBCEC3B3C485}.Debug|Any CPU.ActiveCfg = Debug|Any CPU
		{9A613A72-C146-44F9-84DC-DBCEC3B3C485}.Debug|Any CPU.Build.0 = Debug|Any CPU
		{9A613A72-C146-44F9-84DC-DBCEC3B3C485}.Release|Any CPU.ActiveCfg = Release|Any CPU
		{9A613A72-C146-44F9-84DC-DBCEC3B3C485}.Release|Any CPU.Build.0 = Release|Any CPU
		{80E49AAD-1771-4AE5-95D5-787C8565C6CA}.Debug|Any CPU.ActiveCfg = Debug|Any CPU
		{80E49AAD-1771-4AE5-95D5-787C8565C6CA}.Debug|Any CPU.Build.0 = Debug|Any CPU
		{80E49AAD-1771-4AE5-95D5-787C8565C6CA}.Release|Any CPU.ActiveCfg = Release|Any CPU
		{80E49AAD-1771-4AE5-95D5-787C8565C6CA}.Release|Any CPU.Build.0 = Release|Any CPU
		{5D5BA3C4-4015-48C0-9F8A-1402AA9EC9EF}.Debug|Any CPU.ActiveCfg = Debug|Any CPU
		{5D5BA3C4-4015-48C0-9F8A-1402AA9EC9EF}.Debug|Any CPU.Build.0 = Debug|Any CPU
		{5D5BA3C4-4015-48C0-9F8A-1402AA9EC9EF}.Release|Any CPU.ActiveCfg = Release|Any CPU
		{5D5BA3C4-4015-48C0-9F8A-1402AA9EC9EF}.Release|Any CPU.Build.0 = Release|Any CPU
		{0A546DD9-EAB3-4616-8C86-4FE10BA0FD62}.Debug|Any CPU.ActiveCfg = Debug|Any CPU
		{0A546DD9-EAB3-4616-8C86-4FE10BA0FD62}.Debug|Any CPU.Build.0 = Debug|Any CPU
		{0A546DD9-EAB3-4616-8C86-4FE10BA0FD62}.Release|Any CPU.ActiveCfg = Release|Any CPU
		{0A546DD9-EAB3-4616-8C86-4FE10BA0FD62}.Release|Any CPU.Build.0 = Release|Any CPU
		{55B9C6A0-3CC7-4D2A-BD35-EAB7C4E08503}.Debug|Any CPU.ActiveCfg = Debug|Any CPU
		{55B9C6A0-3CC7-4D2A-BD35-EAB7C4E08503}.Debug|Any CPU.Build.0 = Debug|Any CPU
		{55B9C6A0-3CC7-4D2A-BD35-EAB7C4E08503}.Release|Any CPU.ActiveCfg = Release|Any CPU
		{55B9C6A0-3CC7-4D2A-BD35-EAB7C4E08503}.Release|Any CPU.Build.0 = Release|Any CPU
	EndGlobalSection
	GlobalSection(SolutionProperties) = preSolution
		HideSolutionNode = FALSE
	EndGlobalSection
	GlobalSection(ExtensibilityGlobals) = postSolution
		SolutionGuid = {B2901BC1-6AE8-4E97-93E3-9D3A7200BB2A}
	EndGlobalSection
EndGlobal
