
Microsoft Visual Studio Solution File, Format Version 12.00
# Visual Studio 15
VisualStudioVersion = 15.0.27004.2005
MinimumVisualStudioVersion = 10.0.40219.1
Project("{FAE04EC0-301F-11D3-BF4B-00C04F79EFBC}") = "LargestCommonEnd", "LargestCommonEnd\LargestCommonEnd.csproj", "{8F2667FB-32C6-4581-A825-23BDB723C39C}"
EndProject
Project("{FAE04EC0-301F-11D3-BF4B-00C04F79EFBC}") = "ReverseArrayOfStrings", "ReverseArrayOfStrings\ReverseArrayOfStrings.csproj", "{C1EACE89-F131-4285-BCF1-331AA65270DC}"
EndProject
Project("{FAE04EC0-301F-11D3-BF4B-00C04F79EFBC}") = "SumArrays", "SumArrays\SumArrays.csproj", "{F19E5893-578B-4E24-ACB8-9EAAAAC44AD9}"
EndProject
Project("{FAE04EC0-301F-11D3-BF4B-00C04F79EFBC}") = "FibonacciNumbers", "FibonacciNumbers\FibonacciNumbers.csproj", "{48CA7688-5C61-4795-9D55-0BAB6A8312D2}"
EndProject
Project("{FAE04EC0-301F-11D3-BF4B-00C04F79EFBC}") = "RotateAndSum", "RotateAndSum\RotateAndSum.csproj", "{5B3D676C-5943-40A2-979E-981B67F32DDA}"
EndProject
Project("{FAE04EC0-301F-11D3-BF4B-00C04F79EFBC}") = "FoldAndSum", "FoldAndSum\FoldAndSum.csproj", "{08746A84-722D-4612-B2CD-1A158CB6713F}"
EndProject
Project("{FAE04EC0-301F-11D3-BF4B-00C04F79EFBC}") = "CompareCharArray", "CompareCharArray\CompareCharArray.csproj", "{9A71580B-2D6A-4D30-856A-28DF50017B1A}"
EndProject
Project("{FAE04EC0-301F-11D3-BF4B-00C04F79EFBC}") = "MaxSequenceOfEqualElements", "MaxSequenceOfEqualElements\MaxSequenceOfEqualElements.csproj", "{66891A68-FCAD-43E1-A379-77E4BC82566A}"
EndProject
Project("{FAE04EC0-301F-11D3-BF4B-00C04F79EFBC}") = "MostFrequentNumber", "MostFrequentNumber\MostFrequentNumber.csproj", "{365CBAA4-03B0-4CBA-9023-093EA2410060}"
EndProject
Project("{FAE04EC0-301F-11D3-BF4B-00C04F79EFBC}") = "PairsByDifference", "PairsByDifference\PairsByDifference.csproj", "{F9EE5087-88D8-46D3-B6EA-FEFC895B83EA}"
EndProject
Project("{FAE04EC0-301F-11D3-BF4B-00C04F79EFBC}") = "EqualSum", "EqualSum\EqualSum.csproj", "{9D4F8E6D-5DBE-472E-9CE1-F9F130FEB583}"
EndProject
Project("{FAE04EC0-301F-11D3-BF4B-00C04F79EFBC}") = "Tmp", "Tmp\Tmp.csproj", "{4F99F7F7-431F-405B-B4EB-532E80C02CAC}"
EndProject
Project("{FAE04EC0-301F-11D3-BF4B-00C04F79EFBC}") = "SieveOfEratosthenes", "SieveOfEratosthenes\SieveOfEratosthenes.csproj", "{F9F280F4-F9F0-4EAD-8B27-10051FF3A0E6}"
EndProject
Project("{FAE04EC0-301F-11D3-BF4B-00C04F79EFBC}") = "MultiplyAnArrayOfDoubles", "MultiplyAnArrayOfDoubles\MultiplyAnArrayOfDoubles.csproj", "{8EFCE1D0-A573-4E4C-9933-BE47191A9492}"
EndProject
Project("{FAE04EC0-301F-11D3-BF4B-00C04F79EFBC}") = "ExtractMiddleElements", "ExtractMiddleElements\ExtractMiddleElements.csproj", "{1605C1A1-0268-4669-B1BF-8E228DE512F5}"
EndProject
Project("{FAE04EC0-301F-11D3-BF4B-00C04F79EFBC}") = "SumArrayElements", "SumArrayElements\SumArrayElements.csproj", "{06CCA73A-2D06-48CD-85AF-7F4F585306A9}"
EndProject
Project("{FAE04EC0-301F-11D3-BF4B-00C04F79EFBC}") = "OddNumbersAtOddPositions", "OddNumbersAtOddPositions\OddNumbersAtOddPositions.csproj", "{8491EDD7-B3D5-409E-8C4A-4131A06E66C5}"
EndProject
Project("{FAE04EC0-301F-11D3-BF4B-00C04F79EFBC}") = "CountOfOddNumbersInArray", "CountOfOddNumbersInArray\CountOfOddNumbersInArray.csproj", "{61F61228-563E-4BAD-B8E1-C436786CADE5}"
EndProject
Project("{FAE04EC0-301F-11D3-BF4B-00C04F79EFBC}") = "FileList", "FileList\FileList.csproj", "{AC0449C1-8104-40D8-B367-E1C58FC7FB35}"
EndProject
Global
	GlobalSection(SolutionConfigurationPlatforms) = preSolution
		Debug|Any CPU = Debug|Any CPU
		Release|Any CPU = Release|Any CPU
	EndGlobalSection
	GlobalSection(ProjectConfigurationPlatforms) = postSolution
		{8F2667FB-32C6-4581-A825-23BDB723C39C}.Debug|Any CPU.ActiveCfg = Debug|Any CPU
		{8F2667FB-32C6-4581-A825-23BDB723C39C}.Debug|Any CPU.Build.0 = Debug|Any CPU
		{8F2667FB-32C6-4581-A825-23BDB723C39C}.Release|Any CPU.ActiveCfg = Release|Any CPU
		{8F2667FB-32C6-4581-A825-23BDB723C39C}.Release|Any CPU.Build.0 = Release|Any CPU
		{C1EACE89-F131-4285-BCF1-331AA65270DC}.Debug|Any CPU.ActiveCfg = Debug|Any CPU
		{C1EACE89-F131-4285-BCF1-331AA65270DC}.Debug|Any CPU.Build.0 = Debug|Any CPU
		{C1EACE89-F131-4285-BCF1-331AA65270DC}.Release|Any CPU.ActiveCfg = Release|Any CPU
		{C1EACE89-F131-4285-BCF1-331AA65270DC}.Release|Any CPU.Build.0 = Release|Any CPU
		{F19E5893-578B-4E24-ACB8-9EAAAAC44AD9}.Debug|Any CPU.ActiveCfg = Debug|Any CPU
		{F19E5893-578B-4E24-ACB8-9EAAAAC44AD9}.Debug|Any CPU.Build.0 = Debug|Any CPU
		{F19E5893-578B-4E24-ACB8-9EAAAAC44AD9}.Release|Any CPU.ActiveCfg = Release|Any CPU
		{F19E5893-578B-4E24-ACB8-9EAAAAC44AD9}.Release|Any CPU.Build.0 = Release|Any CPU
		{48CA7688-5C61-4795-9D55-0BAB6A8312D2}.Debug|Any CPU.ActiveCfg = Debug|Any CPU
		{48CA7688-5C61-4795-9D55-0BAB6A8312D2}.Debug|Any CPU.Build.0 = Debug|Any CPU
		{48CA7688-5C61-4795-9D55-0BAB6A8312D2}.Release|Any CPU.ActiveCfg = Release|Any CPU
		{48CA7688-5C61-4795-9D55-0BAB6A8312D2}.Release|Any CPU.Build.0 = Release|Any CPU
		{5B3D676C-5943-40A2-979E-981B67F32DDA}.Debug|Any CPU.ActiveCfg = Debug|Any CPU
		{5B3D676C-5943-40A2-979E-981B67F32DDA}.Debug|Any CPU.Build.0 = Debug|Any CPU
		{5B3D676C-5943-40A2-979E-981B67F32DDA}.Release|Any CPU.ActiveCfg = Release|Any CPU
		{5B3D676C-5943-40A2-979E-981B67F32DDA}.Release|Any CPU.Build.0 = Release|Any CPU
		{08746A84-722D-4612-B2CD-1A158CB6713F}.Debug|Any CPU.ActiveCfg = Debug|Any CPU
		{08746A84-722D-4612-B2CD-1A158CB6713F}.Debug|Any CPU.Build.0 = Debug|Any CPU
		{08746A84-722D-4612-B2CD-1A158CB6713F}.Release|Any CPU.ActiveCfg = Release|Any CPU
		{08746A84-722D-4612-B2CD-1A158CB6713F}.Release|Any CPU.Build.0 = Release|Any CPU
		{9A71580B-2D6A-4D30-856A-28DF50017B1A}.Debug|Any CPU.ActiveCfg = Debug|Any CPU
		{9A71580B-2D6A-4D30-856A-28DF50017B1A}.Debug|Any CPU.Build.0 = Debug|Any CPU
		{9A71580B-2D6A-4D30-856A-28DF50017B1A}.Release|Any CPU.ActiveCfg = Release|Any CPU
		{9A71580B-2D6A-4D30-856A-28DF50017B1A}.Release|Any CPU.Build.0 = Release|Any CPU
		{66891A68-FCAD-43E1-A379-77E4BC82566A}.Debug|Any CPU.ActiveCfg = Debug|Any CPU
		{66891A68-FCAD-43E1-A379-77E4BC82566A}.Debug|Any CPU.Build.0 = Debug|Any CPU
		{66891A68-FCAD-43E1-A379-77E4BC82566A}.Release|Any CPU.ActiveCfg = Release|Any CPU
		{66891A68-FCAD-43E1-A379-77E4BC82566A}.Release|Any CPU.Build.0 = Release|Any CPU
		{365CBAA4-03B0-4CBA-9023-093EA2410060}.Debug|Any CPU.ActiveCfg = Debug|Any CPU
		{365CBAA4-03B0-4CBA-9023-093EA2410060}.Debug|Any CPU.Build.0 = Debug|Any CPU
		{365CBAA4-03B0-4CBA-9023-093EA2410060}.Release|Any CPU.ActiveCfg = Release|Any CPU
		{365CBAA4-03B0-4CBA-9023-093EA2410060}.Release|Any CPU.Build.0 = Release|Any CPU
		{F9EE5087-88D8-46D3-B6EA-FEFC895B83EA}.Debug|Any CPU.ActiveCfg = Debug|Any CPU
		{F9EE5087-88D8-46D3-B6EA-FEFC895B83EA}.Debug|Any CPU.Build.0 = Debug|Any CPU
		{F9EE5087-88D8-46D3-B6EA-FEFC895B83EA}.Release|Any CPU.ActiveCfg = Release|Any CPU
		{F9EE5087-88D8-46D3-B6EA-FEFC895B83EA}.Release|Any CPU.Build.0 = Release|Any CPU
		{9D4F8E6D-5DBE-472E-9CE1-F9F130FEB583}.Debug|Any CPU.ActiveCfg = Debug|Any CPU
		{9D4F8E6D-5DBE-472E-9CE1-F9F130FEB583}.Debug|Any CPU.Build.0 = Debug|Any CPU
		{9D4F8E6D-5DBE-472E-9CE1-F9F130FEB583}.Release|Any CPU.ActiveCfg = Release|Any CPU
		{9D4F8E6D-5DBE-472E-9CE1-F9F130FEB583}.Release|Any CPU.Build.0 = Release|Any CPU
		{4F99F7F7-431F-405B-B4EB-532E80C02CAC}.Debug|Any CPU.ActiveCfg = Debug|Any CPU
		{4F99F7F7-431F-405B-B4EB-532E80C02CAC}.Debug|Any CPU.Build.0 = Debug|Any CPU
		{4F99F7F7-431F-405B-B4EB-532E80C02CAC}.Release|Any CPU.ActiveCfg = Release|Any CPU
		{4F99F7F7-431F-405B-B4EB-532E80C02CAC}.Release|Any CPU.Build.0 = Release|Any CPU
		{F9F280F4-F9F0-4EAD-8B27-10051FF3A0E6}.Debug|Any CPU.ActiveCfg = Debug|Any CPU
		{F9F280F4-F9F0-4EAD-8B27-10051FF3A0E6}.Debug|Any CPU.Build.0 = Debug|Any CPU
		{F9F280F4-F9F0-4EAD-8B27-10051FF3A0E6}.Release|Any CPU.ActiveCfg = Release|Any CPU
		{F9F280F4-F9F0-4EAD-8B27-10051FF3A0E6}.Release|Any CPU.Build.0 = Release|Any CPU
		{8EFCE1D0-A573-4E4C-9933-BE47191A9492}.Debug|Any CPU.ActiveCfg = Debug|Any CPU
		{8EFCE1D0-A573-4E4C-9933-BE47191A9492}.Debug|Any CPU.Build.0 = Debug|Any CPU
		{8EFCE1D0-A573-4E4C-9933-BE47191A9492}.Release|Any CPU.ActiveCfg = Release|Any CPU
		{8EFCE1D0-A573-4E4C-9933-BE47191A9492}.Release|Any CPU.Build.0 = Release|Any CPU
		{1605C1A1-0268-4669-B1BF-8E228DE512F5}.Debug|Any CPU.ActiveCfg = Debug|Any CPU
		{1605C1A1-0268-4669-B1BF-8E228DE512F5}.Debug|Any CPU.Build.0 = Debug|Any CPU
		{1605C1A1-0268-4669-B1BF-8E228DE512F5}.Release|Any CPU.ActiveCfg = Release|Any CPU
		{1605C1A1-0268-4669-B1BF-8E228DE512F5}.Release|Any CPU.Build.0 = Release|Any CPU
		{06CCA73A-2D06-48CD-85AF-7F4F585306A9}.Debug|Any CPU.ActiveCfg = Debug|Any CPU
		{06CCA73A-2D06-48CD-85AF-7F4F585306A9}.Debug|Any CPU.Build.0 = Debug|Any CPU
		{06CCA73A-2D06-48CD-85AF-7F4F585306A9}.Release|Any CPU.ActiveCfg = Release|Any CPU
		{06CCA73A-2D06-48CD-85AF-7F4F585306A9}.Release|Any CPU.Build.0 = Release|Any CPU
		{8491EDD7-B3D5-409E-8C4A-4131A06E66C5}.Debug|Any CPU.ActiveCfg = Debug|Any CPU
		{8491EDD7-B3D5-409E-8C4A-4131A06E66C5}.Debug|Any CPU.Build.0 = Debug|Any CPU
		{8491EDD7-B3D5-409E-8C4A-4131A06E66C5}.Release|Any CPU.ActiveCfg = Release|Any CPU
		{8491EDD7-B3D5-409E-8C4A-4131A06E66C5}.Release|Any CPU.Build.0 = Release|Any CPU
		{61F61228-563E-4BAD-B8E1-C436786CADE5}.Debug|Any CPU.ActiveCfg = Debug|Any CPU
		{61F61228-563E-4BAD-B8E1-C436786CADE5}.Debug|Any CPU.Build.0 = Debug|Any CPU
		{61F61228-563E-4BAD-B8E1-C436786CADE5}.Release|Any CPU.ActiveCfg = Release|Any CPU
		{61F61228-563E-4BAD-B8E1-C436786CADE5}.Release|Any CPU.Build.0 = Release|Any CPU
		{AC0449C1-8104-40D8-B367-E1C58FC7FB35}.Debug|Any CPU.ActiveCfg = Debug|Any CPU
		{AC0449C1-8104-40D8-B367-E1C58FC7FB35}.Debug|Any CPU.Build.0 = Debug|Any CPU
		{AC0449C1-8104-40D8-B367-E1C58FC7FB35}.Release|Any CPU.ActiveCfg = Release|Any CPU
		{AC0449C1-8104-40D8-B367-E1C58FC7FB35}.Release|Any CPU.Build.0 = Release|Any CPU
	EndGlobalSection
	GlobalSection(SolutionProperties) = preSolution
		HideSolutionNode = FALSE
	EndGlobalSection
	GlobalSection(ExtensibilityGlobals) = postSolution
		SolutionGuid = {FEC8713E-FA2C-48E0-9E9D-4AD8727408CE}
	EndGlobalSection
EndGlobal
