
Microsoft Visual Studio Solution File, Format Version 12.00
# Visual Studio 15
VisualStudioVersion = 15.0.27428.2037
MinimumVisualStudioVersion = 10.0.40219.1
Project("{FAE04EC0-301F-11D3-BF4B-00C04F79EFBC}") = "MatchFullName", "MatchFullName\MatchFullName.csproj", "{BB801181-52BD-4F61-ADE8-EC56D2B75FF9}"
EndProject
Project("{FAE04EC0-301F-11D3-BF4B-00C04F79EFBC}") = "KeyReplacer", "KeyReplacer\KeyReplacer.csproj", "{ED3BE24B-BA17-4272-978D-2417FD3D5199}"
EndProject
Project("{FAE04EC0-301F-11D3-BF4B-00C04F79EFBC}") = "MatchPhoneNumber", "MatchPhoneNumber\MatchPhoneNumber.csproj", "{4FCA5A74-CB1D-48F5-8661-8A4E7ECDC7D0}"
EndProject
Project("{FAE04EC0-301F-11D3-BF4B-00C04F79EFBC}") = "MatchHexadecimalNumbers", "MatchHexadecimalNumbers\MatchHexadecimalNumbers.csproj", "{C4644864-8E11-441B-A5E1-CF4C3E1BB167}"
EndProject
Project("{FAE04EC0-301F-11D3-BF4B-00C04F79EFBC}") = "ExtractEmails", "ExtractEmails\ExtractEmails.csproj", "{F204711B-BF5B-4869-9EED-A75725DAA1E4}"
EndProject
Project("{FAE04EC0-301F-11D3-BF4B-00C04F79EFBC}") = "ExtractSentencesByKeyword", "ExtractSentencesByKeyword\ExtractSentencesByKeyword.csproj", "{E1AABAA5-19FF-4278-ADDD-560E15AAB16F}"
EndProject
Project("{FAE04EC0-301F-11D3-BF4B-00C04F79EFBC}") = "CameraView", "CameraView\CameraView.csproj", "{BDE7AECB-98EE-4A6D-ACA1-79E5B170CC4E}"
EndProject
Project("{FAE04EC0-301F-11D3-BF4B-00C04F79EFBC}") = "Weather", "Weather\Weather.csproj", "{1E2CE11D-0EF9-479A-8292-EE0514E47EB1}"
EndProject
Global
	GlobalSection(SolutionConfigurationPlatforms) = preSolution
		Debug|Any CPU = Debug|Any CPU
		Release|Any CPU = Release|Any CPU
	EndGlobalSection
	GlobalSection(ProjectConfigurationPlatforms) = postSolution
		{BB801181-52BD-4F61-ADE8-EC56D2B75FF9}.Debug|Any CPU.ActiveCfg = Debug|Any CPU
		{BB801181-52BD-4F61-ADE8-EC56D2B75FF9}.Debug|Any CPU.Build.0 = Debug|Any CPU
		{BB801181-52BD-4F61-ADE8-EC56D2B75FF9}.Release|Any CPU.ActiveCfg = Release|Any CPU
		{BB801181-52BD-4F61-ADE8-EC56D2B75FF9}.Release|Any CPU.Build.0 = Release|Any CPU
		{ED3BE24B-BA17-4272-978D-2417FD3D5199}.Debug|Any CPU.ActiveCfg = Debug|Any CPU
		{ED3BE24B-BA17-4272-978D-2417FD3D5199}.Debug|Any CPU.Build.0 = Debug|Any CPU
		{ED3BE24B-BA17-4272-978D-2417FD3D5199}.Release|Any CPU.ActiveCfg = Release|Any CPU
		{ED3BE24B-BA17-4272-978D-2417FD3D5199}.Release|Any CPU.Build.0 = Release|Any CPU
		{4FCA5A74-CB1D-48F5-8661-8A4E7ECDC7D0}.Debug|Any CPU.ActiveCfg = Debug|Any CPU
		{4FCA5A74-CB1D-48F5-8661-8A4E7ECDC7D0}.Debug|Any CPU.Build.0 = Debug|Any CPU
		{4FCA5A74-CB1D-48F5-8661-8A4E7ECDC7D0}.Release|Any CPU.ActiveCfg = Release|Any CPU
		{4FCA5A74-CB1D-48F5-8661-8A4E7ECDC7D0}.Release|Any CPU.Build.0 = Release|Any CPU
		{C4644864-8E11-441B-A5E1-CF4C3E1BB167}.Debug|Any CPU.ActiveCfg = Debug|Any CPU
		{C4644864-8E11-441B-A5E1-CF4C3E1BB167}.Debug|Any CPU.Build.0 = Debug|Any CPU
		{C4644864-8E11-441B-A5E1-CF4C3E1BB167}.Release|Any CPU.ActiveCfg = Release|Any CPU
		{C4644864-8E11-441B-A5E1-CF4C3E1BB167}.Release|Any CPU.Build.0 = Release|Any CPU
		{F204711B-BF5B-4869-9EED-A75725DAA1E4}.Debug|Any CPU.ActiveCfg = Debug|Any CPU
		{F204711B-BF5B-4869-9EED-A75725DAA1E4}.Debug|Any CPU.Build.0 = Debug|Any CPU
		{F204711B-BF5B-4869-9EED-A75725DAA1E4}.Release|Any CPU.ActiveCfg = Release|Any CPU
		{F204711B-BF5B-4869-9EED-A75725DAA1E4}.Release|Any CPU.Build.0 = Release|Any CPU
		{E1AABAA5-19FF-4278-ADDD-560E15AAB16F}.Debug|Any CPU.ActiveCfg = Debug|Any CPU
		{E1AABAA5-19FF-4278-ADDD-560E15AAB16F}.Debug|Any CPU.Build.0 = Debug|Any CPU
		{E1AABAA5-19FF-4278-ADDD-560E15AAB16F}.Release|Any CPU.ActiveCfg = Release|Any CPU
		{E1AABAA5-19FF-4278-ADDD-560E15AAB16F}.Release|Any CPU.Build.0 = Release|Any CPU
		{BDE7AECB-98EE-4A6D-ACA1-79E5B170CC4E}.Debug|Any CPU.ActiveCfg = Debug|Any CPU
		{BDE7AECB-98EE-4A6D-ACA1-79E5B170CC4E}.Debug|Any CPU.Build.0 = Debug|Any CPU
		{BDE7AECB-98EE-4A6D-ACA1-79E5B170CC4E}.Release|Any CPU.ActiveCfg = Release|Any CPU
		{BDE7AECB-98EE-4A6D-ACA1-79E5B170CC4E}.Release|Any CPU.Build.0 = Release|Any CPU
		{1E2CE11D-0EF9-479A-8292-EE0514E47EB1}.Debug|Any CPU.ActiveCfg = Debug|Any CPU
		{1E2CE11D-0EF9-479A-8292-EE0514E47EB1}.Debug|Any CPU.Build.0 = Debug|Any CPU
		{1E2CE11D-0EF9-479A-8292-EE0514E47EB1}.Release|Any CPU.ActiveCfg = Release|Any CPU
		{1E2CE11D-0EF9-479A-8292-EE0514E47EB1}.Release|Any CPU.Build.0 = Release|Any CPU
	EndGlobalSection
	GlobalSection(SolutionProperties) = preSolution
		HideSolutionNode = FALSE
	EndGlobalSection
	GlobalSection(ExtensibilityGlobals) = postSolution
		SolutionGuid = {7792BE3B-2265-4E75-8E10-2227B22B656B}
	EndGlobalSection
EndGlobal
