
Microsoft Visual Studio Solution File, Format Version 12.00
# Visual Studio 15
VisualStudioVersion = 15.0.27428.2037
MinimumVisualStudioVersion = 10.0.40219.1
Project("{FAE04EC0-301F-11D3-BF4B-00C04F79EFBC}") = "MatchFullName", "MatchFullName\MatchFullName.csproj", "{BB801181-52BD-4F61-ADE8-EC56D2B75FF9}"
EndProject
Global
	GlobalSection(SolutionConfigurationPlatforms) = preSolution
		Debug|Any CPU = Debug|Any CPU
		Release|Any CPU = Release|Any CPU
	EndGlobalSection
	GlobalSection(ProjectConfigurationPlatforms) = postSolution
		{BB801181-52BD-4F61-ADE8-EC56D2B75FF9}.Debug|Any CPU.ActiveCfg = Debug|Any CPU
		{BB801181-52BD-4F61-ADE8-EC56D2B75FF9}.Debug|Any CPU.Build.0 = Debug|Any CPU
		{BB801181-52BD-4F61-ADE8-EC56D2B75FF9}.Release|Any CPU.ActiveCfg = Release|Any CPU
		{BB801181-52BD-4F61-ADE8-EC56D2B75FF9}.Release|Any CPU.Build.0 = Release|Any CPU
	EndGlobalSection
	GlobalSection(SolutionProperties) = preSolution
		HideSolutionNode = FALSE
	EndGlobalSection
	GlobalSection(ExtensibilityGlobals) = postSolution
		SolutionGuid = {7792BE3B-2265-4E75-8E10-2227B22B656B}
	EndGlobalSection
EndGlobal
